{
    "_readme": [
        "This file locks the dependencies of your project to a known state",
        "Read more about it at http://getcomposer.org/doc/01-basic-usage.md#composer-lock-the-lock-file",
        "This file is @generated automatically"
    ],
    "hash": "c9732a1cd5468d7a5b357ccb55a48090",
    "packages": [
        {
            "name": "chrisboulton/php-resque",
            "version": "1.2",
            "source": {
                "type": "git",
                "url": "https://github.com/chrisboulton/php-resque.git",
                "reference": "0549d6c88a4aed934655b7c03b6153349d6c3ad0"
            },
            "dist": {
                "type": "zip",
                "url": "https://api.github.com/repos/chrisboulton/php-resque/zipball/0549d6c88a4aed934655b7c03b6153349d6c3ad0",
                "reference": "0549d6c88a4aed934655b7c03b6153349d6c3ad0",
                "shasum": ""
            },
            "require": {
                "php": ">=5.3.0"
            },
            "type": "library",
            "autoload": {
                "psr-0": {
                    "Resque": "lib"
                }
            },
            "notification-url": "https://packagist.org/downloads/",
            "license": [
                "MIT"
            ],
            "authors": [
                {
                    "name": "Chris Boulton",
                    "email": "chris@bigcommerce.com"
                }
            ],
            "description": "Redis backed library for creating background jobs and processing them later. Based on resque for Ruby.",
            "homepage": "http://www.github.com/chrisboulton/php-resque/",
            "keywords": [
                "background",
                "job",
                "redis",
                "resque"
            ],
            "time": "2012-10-13 07:28:16"
        },
        {
            "name": "noodlehaus/config",
            "version": "0.1.0",
            "source": {
                "type": "git",
                "url": "https://github.com/noodlehaus/config.git",
                "reference": "0de1025667ab0d9f876b471c97e57bb99a1bc633"
            },
            "dist": {
                "type": "zip",
                "url": "https://api.github.com/repos/noodlehaus/config/zipball/0de1025667ab0d9f876b471c97e57bb99a1bc633",
                "reference": "0de1025667ab0d9f876b471c97e57bb99a1bc633",
                "shasum": ""
            },
            "require": {
                "php": ">= 5.3.0",
                "symfony/yaml": "~2.5"
            },
            "require-dev": {
                "phpunit/phpunit": "~4.0"
            },
            "type": "library",
            "autoload": {
                "psr-4": {
                    "Noodlehaus\\": "src"
                }
            },
            "notification-url": "https://packagist.org/downloads/",
            "license": [
                "MIT"
            ],
            "authors": [
                {
                    "name": "Jesus A. Domingo",
                    "homepage": "http://noodlehaus.github.io/",
                    "role": "Developer"
                },
                {
                    "name": "Hassan Khan",
                    "homepage": "http://hassankhan.me/",
                    "role": "Developer"
                }
            ],
            "description": "lightweight configuration file loader that supports PHP, INI, XML, JSON, and YAML files",
            "homepage": "http://noodlehaus.github.io/config/",
            "keywords": [
                "config",
                "configuration",
                "ini",
                "json",
                "microphp",
                "unframework",
                "xml",
                "yaml"
            ],
            "time": "2014-11-27 06:22:12"
        },
        {
            "name": "symfony/yaml",
            "version": "v2.6.4",
            "target-dir": "Symfony/Component/Yaml",
            "source": {
                "type": "git",
                "url": "https://github.com/symfony/Yaml.git",
                "reference": "60ed7751671113cf1ee7d7778e691642c2e9acd8"
            },
            "dist": {
                "type": "zip",
                "url": "https://api.github.com/repos/symfony/Yaml/zipball/60ed7751671113cf1ee7d7778e691642c2e9acd8",
                "reference": "60ed7751671113cf1ee7d7778e691642c2e9acd8",
                "shasum": ""
            },
            "require": {
                "php": ">=5.3.3"
            },
            "type": "library",
            "extra": {
                "branch-alias": {
                    "dev-master": "2.6-dev"
                }
            },
            "autoload": {
                "psr-0": {
                    "Symfony\\Component\\Yaml\\": ""
                }
            },
            "notification-url": "https://packagist.org/downloads/",
            "license": [
                "MIT"
            ],
            "authors": [
                {
                    "name": "Symfony Community",
                    "homepage": "http://symfony.com/contributors"
                },
                {
                    "name": "Fabien Potencier",
                    "email": "fabien@symfony.com"
                }
            ],
            "description": "Symfony Yaml Component",
            "homepage": "http://symfony.com",
            "time": "2015-01-25 04:39:26"
        }
    ],
    "packages-dev": [],
    "aliases": [],
    "minimum-stability": "stable",
    "stability-flags": [],
    "prefer-stable": false,
    "prefer-lowest": false,
    "platform": [],
    "platform-dev": []
}
